// !$*UTF8*$!
{
	archiveVersion = 1;
	classes = {
	};
	objectVersion = 56;
	objects = {

/* Begin PBXBuildFile section */
		1D0898C32BCE669700F2AFCA /* XuemiiOSApp.swift in Sources */ = {isa = PBXBuildFile; fileRef = 1D0898C22BCE669700F2AFCA /* XuemiiOSApp.swift */; };
		1D0898C52BCE669700F2AFCA /* ContentView.swift in Sources */ = {isa = PBXBuildFile; fileRef = 1D0898C42BCE669700F2AFCA /* ContentView.swift */; };
		1D0898C72BCE669B00F2AFCA /* Assets.xcassets in Resources */ = {isa = PBXBuildFile; fileRef = 1D0898C62BCE669B00F2AFCA /* Assets.xcassets */; };
		1D0898CA2BCE669B00F2AFCA /* Preview Assets.xcassets in Resources */ = {isa = PBXBuildFile; fileRef = 1D0898C92BCE669B00F2AFCA /* Preview Assets.xcassets */; };
		1D0898D12BCE68AF00F2AFCA /* HomeView.swift in Sources */ = {isa = PBXBuildFile; fileRef = 1D0898D02BCE68AF00F2AFCA /* HomeView.swift */; };
		1D0898D32BCE6A8000F2AFCA /* BookmarkView.swift in Sources */ = {isa = PBXBuildFile; fileRef = 1D0898D22BCE6A8000F2AFCA /* BookmarkView.swift */; };
		1D0898D52BCE6A9700F2AFCA /* NotesView.swift in Sources */ = {isa = PBXBuildFile; fileRef = 1D0898D42BCE6A9700F2AFCA /* NotesView.swift */; };
		1D0898D72BCE6AA500F2AFCA /* SettingsView.swift in Sources */ = {isa = PBXBuildFile; fileRef = 1D0898D62BCE6AA500F2AFCA /* SettingsView.swift */; };
		1D26145A2BD5F27600953589 /* SOneFlashcardView.swift in Sources */ = {isa = PBXBuildFile; fileRef = 1D2614592BD5F27600953589 /* SOneFlashcardView.swift */; };
/* End PBXBuildFile section */

/* Begin PBXFileReference section */
		1D0898BF2BCE669700F2AFCA /* XuemiiOS.app */ = {isa = PBXFileReference; explicitFileType = wrapper.application; includeInIndex = 0; path = XuemiiOS.app; sourceTree = BUILT_PRODUCTS_DIR; };
		1D0898C22BCE669700F2AFCA /* XuemiiOSApp.swift */ = {isa = PBXFileReference; lastKnownFileType = sourcecode.swift; path = XuemiiOSApp.swift; sourceTree = "<group>"; };
		1D0898C42BCE669700F2AFCA /* ContentView.swift */ = {isa = PBXFileReference; lastKnownFileType = sourcecode.swift; path = ContentView.swift; sourceTree = "<group>"; };
		1D0898C62BCE669B00F2AFCA /* Assets.xcassets */ = {isa = PBXFileReference; lastKnownFileType = folder.assetcatalog; path = Assets.xcassets; sourceTree = "<group>"; };
		1D0898C92BCE669B00F2AFCA /* Preview Assets.xcassets */ = {isa = PBXFileReference; lastKnownFileType = folder.assetcatalog; path = "Preview Assets.xcassets"; sourceTree = "<group>"; };
		1D0898D02BCE68AF00F2AFCA /* HomeView.swift */ = {isa = PBXFileReference; lastKnownFileType = sourcecode.swift; path = HomeView.swift; sourceTree = "<group>"; };
		1D0898D22BCE6A8000F2AFCA /* BookmarkView.swift */ = {isa = PBXFileReference; lastKnownFileType = sourcecode.swift; path = BookmarkView.swift; sourceTree = "<group>"; };
		1D0898D42BCE6A9700F2AFCA /* NotesView.swift */ = {isa = PBXFileReference; lastKnownFileType = sourcecode.swift; path = NotesView.swift; sourceTree = "<group>"; };
		1D0898D62BCE6AA500F2AFCA /* SettingsView.swift */ = {isa = PBXFileReference; lastKnownFileType = sourcecode.swift; path = SettingsView.swift; sourceTree = "<group>"; };
		1D2614592BD5F27600953589 /* SOneFlashcardView.swift */ = {isa = PBXFileReference; lastKnownFileType = sourcecode.swift; path = SOneFlashcardView.swift; sourceTree = "<group>"; };
/* End PBXFileReference section */

/* Begin PBXFrameworksBuildPhase section */
		1D0898BC2BCE669700F2AFCA /* Frameworks */ = {
			isa = PBXFrameworksBuildPhase;
			buildActionMask = 2147483647;
			files = (
			);
			runOnlyForDeploymentPostprocessing = 0;
		};
/* End PBXFrameworksBuildPhase section */

/* Begin PBXGroup section */
		1D0898B62BCE669700F2AFCA = {
			isa = PBXGroup;
			children = (
				1D0898C12BCE669700F2AFCA /* XuemiiOS */,
				1D0898C02BCE669700F2AFCA /* Products */,
			);
			sourceTree = "<group>";
		};
		1D0898C02BCE669700F2AFCA /* Products */ = {
			isa = PBXGroup;
			children = (
				1D0898BF2BCE669700F2AFCA /* XuemiiOS.app */,
			);
			name = Products;
			sourceTree = "<group>";
		};
		1D0898C12BCE669700F2AFCA /* XuemiiOS */ = {
			isa = PBXGroup;
			children = (
				1D0898C22BCE669700F2AFCA /* XuemiiOSApp.swift */,
				1D0898C42BCE669700F2AFCA /* ContentView.swift */,
				1D0898D02BCE68AF00F2AFCA /* HomeView.swift */,
				1D2614592BD5F27600953589 /* SOneFlashcardView.swift */,
				1D0898D22BCE6A8000F2AFCA /* BookmarkView.swift */,
				1D0898D42BCE6A9700F2AFCA /* NotesView.swift */,
				1D0898D62BCE6AA500F2AFCA /* SettingsView.swift */,
				1D0898C62BCE669B00F2AFCA /* Assets.xcassets */,
				1D0898C82BCE669B00F2AFCA /* Preview Content */,
			);
			path = XuemiiOS;
			sourceTree = "<group>";
		};
		1D0898C82BCE669B00F2AFCA /* Preview Content */ = {
			isa = PBXGroup;
			children = (
				1D0898C92BCE669B00F2AFCA /* Preview Assets.xcassets */,
			);
			path = "Preview Content";
			sourceTree = "<group>";
		};
/* End PBXGroup section */

/* Begin PBXNativeTarget section */
		1D0898BE2BCE669700F2AFCA /* XuemiiOS */ = {
			isa = PBXNativeTarget;
			buildConfigurationList = 1D0898CD2BCE669B00F2AFCA /* Build configuration list for PBXNativeTarget "XuemiiOS" */;
			buildPhases = (
				1D0898BB2BCE669700F2AFCA /* Sources */,
				1D0898BC2BCE669700F2AFCA /* Frameworks */,
				1D0898BD2BCE669700F2AFCA /* Resources */,
			);
			buildRules = (
			);
			dependencies = (
			);
			name = XuemiiOS;
			productName = XuemiiOS;
			productReference = 1D0898BF2BCE669700F2AFCA /* XuemiiOS.app */;
			productType = "com.apple.product-type.application";
		};
/* End PBXNativeTarget section */

/* Begin PBXProject section */
		1D0898B72BCE669700F2AFCA /* Project object */ = {
			isa = PBXProject;
			attributes = {
				BuildIndependentTargetsInParallel = 1;
				LastSwiftUpdateCheck = 1500;
				LastUpgradeCheck = 1500;
				TargetAttributes = {
					1D0898BE2BCE669700F2AFCA = {
						CreatedOnToolsVersion = 15.0.1;
					};
				};
			};
			buildConfigurationList = 1D0898BA2BCE669700F2AFCA /* Build configuration list for PBXProject "XuemiiOS" */;
			compatibilityVersion = "Xcode 14.0";
			developmentRegion = en;
			hasScannedForEncodings = 0;
			knownRegions = (
				en,
				Base,
			);
			mainGroup = 1D0898B62BCE669700F2AFCA;
			productRefGroup = 1D0898C02BCE669700F2AFCA /* Products */;
			projectDirPath = "";
			projectRoot = "";
			targets = (
				1D0898BE2BCE669700F2AFCA /* XuemiiOS */,
			);
		};
/* End PBXProject section */

/* Begin PBXResourcesBuildPhase section */
		1D0898BD2BCE669700F2AFCA /* Resources */ = {
			isa = PBXResourcesBuildPhase;
			buildActionMask = 2147483647;
			files = (
				1D0898CA2BCE669B00F2AFCA /* Preview Assets.xcassets in Resources */,
				1D0898C72BCE669B00F2AFCA /* Assets.xcassets in Resources */,
			);
			runOnlyForDeploymentPostprocessing = 0;
		};
/* End PBXResourcesBuildPhase section */

/* Begin PBXSourcesBuildPhase section */
		1D0898BB2BCE669700F2AFCA /* Sources */ = {
			isa = PBXSourcesBuildPhase;
			buildActionMask = 2147483647;
			files = (
				1D0898D12BCE68AF00F2AFCA /* HomeView.swift in Sources */,
				1D0898C52BCE669700F2AFCA /* ContentView.swift in Sources */,
				1D0898D52BCE6A9700F2AFCA /* NotesView.swift in Sources */,
				1D0898D72BCE6AA500F2AFCA /* SettingsView.swift in Sources */,
				1D0898D32BCE6A8000F2AFCA /* BookmarkView.swift in Sources */,
				1D26145A2BD5F27600953589 /* SOneFlashcardView.swift in Sources */,
				1D0898C32BCE669700F2AFCA /* XuemiiOSApp.swift in Sources */,
			);
			runOnlyForDeploymentPostprocessing = 0;
		};
/* End PBXSourcesBuildPhase section */

/* Begin XCBuildConfiguration section */
		1D0898CB2BCE669B00F2AFCA /* Debug */ = {
			isa = XCBuildConfiguration;
			buildSettings = {
				ALWAYS_SEARCH_USER_PATHS = NO;
				ASSETCATALOG_COMPILER_GENERATE_SWIFT_ASSET_SYMBOL_EXTENSIONS = YES;
				CLANG_ANALYZER_NONNULL = YES;
				CLANG_ANALYZER_NUMBER_OBJECT_CONVERSION = YES_AGGRESSIVE;
				CLANG_CXX_LANGUAGE_STANDARD = "gnu++20";
				CLANG_ENABLE_MODULES = YES;
				CLANG_ENABLE_OBJC_ARC = YES;
				CLANG_ENABLE_OBJC_WEAK = YES;
				CLANG_WARN_BLOCK_CAPTURE_AUTORELEASING = YES;
				CLANG_WARN_BOOL_CONVERSION = YES;
				CLANG_WARN_COMMA = YES;
				CLANG_WARN_CONSTANT_CONVERSION = YES;
				CLANG_WARN_DEPRECATED_OBJC_IMPLEMENTATIONS = YES;
				CLANG_WARN_DIRECT_OBJC_ISA_USAGE = YES_ERROR;
				CLANG_WARN_DOCUMENTATION_COMMENTS = YES;
				CLANG_WARN_EMPTY_BODY = YES;
				CLANG_WARN_ENUM_CONVERSION = YES;
				CLANG_WARN_INFINITE_RECURSION = YES;
				CLANG_WARN_INT_CONVERSION = YES;
				CLANG_WARN_NON_LITERAL_NULL_CONVERSION = YES;
				CLANG_WARN_OBJC_IMPLICIT_RETAIN_SELF = YES;
				CLANG_WARN_OBJC_LITERAL_CONVERSION = YES;
				CLANG_WARN_OBJC_ROOT_CLASS = YES_ERROR;
				CLANG_WARN_QUOTED_INCLUDE_IN_FRAMEWORK_HEADER = YES;
				CLANG_WARN_RANGE_LOOP_ANALYSIS = YES;
				CLANG_WARN_STRICT_PROTOTYPES = YES;
				CLANG_WARN_SUSPICIOUS_MOVE = YES;
				CLANG_WARN_UNGUARDED_AVAILABILITY = YES_AGGRESSIVE;
				CLANG_WARN_UNREACHABLE_CODE = YES;
				CLANG_WARN__DUPLICATE_METHOD_MATCH = YES;
				COPY_PHASE_STRIP = NO;
				DEBUG_INFORMATION_FORMAT = dwarf;
				ENABLE_STRICT_OBJC_MSGSEND = YES;
				ENABLE_TESTABILITY = YES;
				ENABLE_USER_SCRIPT_SANDBOXING = YES;
				GCC_C_LANGUAGE_STANDARD = gnu17;
				GCC_DYNAMIC_NO_PIC = NO;
				GCC_NO_COMMON_BLOCKS = YES;
				GCC_OPTIMIZATION_LEVEL = 0;
				GCC_PREPROCESSOR_DEFINITIONS = (
					"DEBUG=1",
					"$(inherited)",
				);
				GCC_WARN_64_TO_32_BIT_CONVERSION = YES;
				GCC_WARN_ABOUT_RETURN_TYPE = YES_ERROR;
				GCC_WARN_UNDECLARED_SELECTOR = YES;
				GCC_WARN_UNINITIALIZED_AUTOS = YES_AGGRESSIVE;
				GCC_WARN_UNUSED_FUNCTION = YES;
				GCC_WARN_UNUSED_VARIABLE = YES;
				IPHONEOS_DEPLOYMENT_TARGET = 17.0;
				LOCALIZATION_PREFERS_STRING_CATALOGS = YES;
				MTL_ENABLE_DEBUG_INFO = INCLUDE_SOURCE;
				MTL_FAST_MATH = YES;
				ONLY_ACTIVE_ARCH = YES;
				SDKROOT = iphoneos;
				SWIFT_ACTIVE_COMPILATION_CONDITIONS = "DEBUG $(inherited)";
				SWIFT_OPTIMIZATION_LEVEL = "-Onone";
			};
			name = Debug;
		};
		1D0898CC2BCE669B00F2AFCA /* Release */ = {
			isa = XCBuildConfiguration;
			buildSettings = {
				ALWAYS_SEARCH_USER_PATHS = NO;
				ASSETCATALOG_COMPILER_GENERATE_SWIFT_ASSET_SYMBOL_EXTENSIONS = YES;
				CLANG_ANALYZER_NONNULL = YES;
				CLANG_ANALYZER_NUMBER_OBJECT_CONVERSION = YES_AGGRESSIVE;
				CLANG_CXX_LANGUAGE_STANDARD = "gnu++20";
				CLANG_ENABLE_MODULES = YES;
				CLANG_ENABLE_OBJC_ARC = YES;
				CLANG_ENABLE_OBJC_WEAK = YES;
				CLANG_WARN_BLOCK_CAPTURE_AUTORELEASING = YES;
				CLANG_WARN_BOOL_CONVERSION = YES;
				CLANG_WARN_COMMA = YES;
				CLANG_WARN_CONSTANT_CONVERSION = YES;
				CLANG_WARN_DEPRECATED_OBJC_IMPLEMENTATIONS = YES;
				CLANG_WARN_DIRECT_OBJC_ISA_USAGE = YES_ERROR;
				CLANG_WARN_DOCUMENTATION_COMMENTS = YES;
				CLANG_WARN_EMPTY_BODY = YES;
				CLANG_WARN_ENUM_CONVERSION = YES;
				CLANG_WARN_INFINITE_RECURSION = YES;
				CLANG_WARN_INT_CONVERSION = YES;
				CLANG_WARN_NON_LITERAL_NULL_CONVERSION = YES;
				CLANG_WARN_OBJC_IMPLICIT_RETAIN_SELF = YES;
				CLANG_WARN_OBJC_LITERAL_CONVERSION = YES;
				CLANG_WARN_OBJC_ROOT_CLASS = YES_ERROR;
				CLANG_WARN_QUOTED_INCLUDE_IN_FRAMEWORK_HEADER = YES;
				CLANG_WARN_RANGE_LOOP_ANALYSIS = YES;
				CLANG_WARN_STRICT_PROTOTYPES = YES;
				CLANG_WARN_SUSPICIOUS_MOVE = YES;
				CLANG_WARN_UNGUARDED_AVAILABILITY = YES_AGGRESSIVE;
				CLANG_WARN_UNREACHABLE_CODE = YES;
				CLANG_WARN__DUPLICATE_METHOD_MATCH = YES;
				COPY_PHASE_STRIP = NO;
				DEBUG_INFORMATION_FORMAT = "dwarf-with-dsym";
				ENABLE_NS_ASSERTIONS = NO;
				ENABLE_STRICT_OBJC_MSGSEND = YES;
				ENABLE_USER_SCRIPT_SANDBOXING = YES;
				GCC_C_LANGUAGE_STANDARD = gnu17;
				GCC_NO_COMMON_BLOCKS = YES;
				GCC_WARN_64_TO_32_BIT_CONVERSION = YES;
				GCC_WARN_ABOUT_RETURN_TYPE = YES_ERROR;
				GCC_WARN_UNDECLARED_SELECTOR = YES;
				GCC_WARN_UNINITIALIZED_AUTOS = YES_AGGRESSIVE;
				GCC_WARN_UNUSED_FUNCTION = YES;
				GCC_WARN_UNUSED_VARIABLE = YES;
				IPHONEOS_DEPLOYMENT_TARGET = 17.0;
				LOCALIZATION_PREFERS_STRING_CATALOGS = YES;
				MTL_ENABLE_DEBUG_INFO = NO;
				MTL_FAST_MATH = YES;
				SDKROOT = iphoneos;
				SWIFT_COMPILATION_MODE = wholemodule;
				VALIDATE_PRODUCT = YES;
			};
			name = Release;
		};
		1D0898CE2BCE669B00F2AFCA /* Debug */ = {
			isa = XCBuildConfiguration;
			buildSettings = {
				ASSETCATALOG_COMPILER_APPICON_NAME = AppIcon;
				ASSETCATALOG_COMPILER_GLOBAL_ACCENT_COLOR_NAME = AccentColor;
				CODE_SIGN_STYLE = Automatic;
				CURRENT_PROJECT_VERSION = 1;
				DEVELOPMENT_ASSET_PATHS = "\"XuemiiOS/Preview Content\"";
				ENABLE_PREVIEWS = YES;
				GENERATE_INFOPLIST_FILE = YES;
				INFOPLIST_KEY_UIApplicationSceneManifest_Generation = YES;
				INFOPLIST_KEY_UIApplicationSupportsIndirectInputEvents = YES;
				INFOPLIST_KEY_UILaunchScreen_Generation = YES;
				INFOPLIST_KEY_UISupportedInterfaceOrientations_iPad = "UIInterfaceOrientationPortrait UIInterfaceOrientationPortraitUpsideDown UIInterfaceOrientationLandscapeLeft UIInterfaceOrientationLandscapeRight";
				INFOPLIST_KEY_UISupportedInterfaceOrientations_iPhone = "UIInterfaceOrientationPortrait UIInterfaceOrientationLandscapeLeft UIInterfaceOrientationLandscapeRight";
				LD_RUNPATH_SEARCH_PATHS = (
					"$(inherited)",
					"@executable_path/Frameworks",
				);
				MARKETING_VERSION = 1.0;
				PRODUCT_BUNDLE_IDENTIFIER = memeig.XuemiiOS;
				PRODUCT_NAME = "$(TARGET_NAME)";
				SWIFT_EMIT_LOC_STRINGS = YES;
				SWIFT_VERSION = 5.0;
				TARGETED_DEVICE_FAMILY = "1,2";
			};
			name = Debug;
		};
		1D0898CF2BCE669B00F2AFCA /* Release */ = {
			isa = XCBuildConfiguration;
			buildSettings = {
				ASSETCATALOG_COMPILER_APPICON_NAME = AppIcon;
				ASSETCATALOG_COMPILER_GLOBAL_ACCENT_COLOR_NAME = AccentColor;
				CODE_SIGN_STYLE = Automatic;
				CURRENT_PROJECT_VERSION = 1;
				DEVELOPMENT_ASSET_PATHS = "\"XuemiiOS/Preview Content\"";
				ENABLE_PREVIEWS = YES;
				GENERATE_INFOPLIST_FILE = YES;
				INFOPLIST_KEY_UIApplicationSceneManifest_Generation = YES;
				INFOPLIST_KEY_UIApplicationSupportsIndirectInputEvents = YES;
				INFOPLIST_KEY_UILaunchScreen_Generation = YES;
				INFOPLIST_KEY_UISupportedInterfaceOrientations_iPad = "UIInterfaceOrientationPortrait UIInterfaceOrientationPortraitUpsideDown UIInterfaceOrientationLandscapeLeft UIInterfaceOrientationLandscapeRight";
				INFOPLIST_KEY_UISupportedInterfaceOrientations_iPhone = "UIInterfaceOrientationPortrait UIInterfaceOrientationLandscapeLeft UIInterfaceOrientationLandscapeRight";
				LD_RUNPATH_SEARCH_PATHS = (
					"$(inherited)",
					"@executable_path/Frameworks",
				);
				MARKETING_VERSION = 1.0;
				PRODUCT_BUNDLE_IDENTIFIER = memeig.XuemiiOS;
				PRODUCT_NAME = "$(TARGET_NAME)";
				SWIFT_EMIT_LOC_STRINGS = YES;
				SWIFT_VERSION = 5.0;
				TARGETED_DEVICE_FAMILY = "1,2";
			};
			name = Release;
		};
/* End XCBuildConfiguration section */

/* Begin XCConfigurationList section */
		1D0898BA2BCE669700F2AFCA /* Build configuration list for PBXProject "XuemiiOS" */ = {
			isa = XCConfigurationList;
			buildConfigurations = (
				1D0898CB2BCE669B00F2AFCA /* Debug */,
				1D0898CC2BCE669B00F2AFCA /* Release */,
			);
			defaultConfigurationIsVisible = 0;
			defaultConfigurationName = Release;
		};
		1D0898CD2BCE669B00F2AFCA /* Build configuration list for PBXNativeTarget "XuemiiOS" */ = {
			isa = XCConfigurationList;
			buildConfigurations = (
				1D0898CE2BCE669B00F2AFCA /* Debug */,
				1D0898CF2BCE669B00F2AFCA /* Release */,
			);
			defaultConfigurationIsVisible = 0;
			defaultConfigurationName = Release;
		};
/* End XCConfigurationList section */
	};
	rootObject = 1D0898B72BCE669700F2AFCA /* Project object */;
}
